
Microsoft Visual Studio Solution File, Format Version 12.00
# Visual Studio Version 17
VisualStudioVersion = 17.5.002.0
MinimumVisualStudioVersion = 10.0.40219.1
Project("{9A19103F-16F7-4668-BE54-9A1E7A4F7556}") = "DesafioFundamentos", "DesafioFundamentos.csproj", "{23F2A7BD-DA9D-4D51-A608-58430CE8C1BC}"
EndProject
Global
	GlobalSection(SolutionConfigurationPlatforms) = preSolution
		Debug|Any CPU = Debug|Any CPU
		Release|Any CPU = Release|Any CPU
	EndGlobalSection
	GlobalSection(ProjectConfigurationPlatforms) = postSolution
		{23F2A7BD-DA9D-4D51-A608-58430CE8C1BC}.Debug|Any CPU.ActiveCfg = Debug|Any CPU
		{23F2A7BD-DA9D-4D51-A608-58430CE8C1BC}.Debug|Any CPU.Build.0 = Debug|Any CPU
		{23F2A7BD-DA9D-4D51-A608-58430CE8C1BC}.Release|Any CPU.ActiveCfg = Release|Any CPU
		{23F2A7BD-DA9D-4D51-A608-58430CE8C1BC}.Release|Any CPU.Build.0 = Release|Any CPU
	EndGlobalSection
	GlobalSection(SolutionProperties) = preSolution
		HideSolutionNode = FALSE
	EndGlobalSection
	GlobalSection(ExtensibilityGlobals) = postSolution
		SolutionGuid = {D2435EF9-256F-4667-9729-B72FAEFC7ACE}
	EndGlobalSection
EndGlobal
